// !$*UTF8*$!
{
	archiveVersion = 1;
	classes = {
	};
	objectVersion = 50;
	objects = {

/* Begin PBXBuildFile section */
		ABAFB5AC267449160095415F /* AppDelegate.swift in Sources */ = {isa = PBXBuildFile; fileRef = ABAFB5AB267449160095415F /* AppDelegate.swift */; };
		ABAFB5AE267449160095415F /* SceneDelegate.swift in Sources */ = {isa = PBXBuildFile; fileRef = ABAFB5AD267449160095415F /* SceneDelegate.swift */; };
		ABAFB5B0267449160095415F /* ViewController.swift in Sources */ = {isa = PBXBuildFile; fileRef = ABAFB5AF267449160095415F /* ViewController.swift */; };
		ABAFB5B3267449160095415F /* Main.storyboard in Resources */ = {isa = PBXBuildFile; fileRef = ABAFB5B1267449160095415F /* Main.storyboard */; };
		ABAFB5B52674491C0095415F /* Assets.xcassets in Resources */ = {isa = PBXBuildFile; fileRef = ABAFB5B42674491C0095415F /* Assets.xcassets */; };
		ABAFB5B82674491C0095415F /* LaunchScreen.storyboard in Resources */ = {isa = PBXBuildFile; fileRef = ABAFB5B62674491C0095415F /* LaunchScreen.storyboard */; };
		ABAFB5C0267454350095415F /* PlaceTextView.xib in Resources */ = {isa = PBXBuildFile; fileRef = ABAFB5BF267454350095415F /* PlaceTextView.xib */; };
		ABAFB5C2267454460095415F /* PlaceTextView.swift in Sources */ = {isa = PBXBuildFile; fileRef = ABAFB5C1267454460095415F /* PlaceTextView.swift */; };
/* End PBXBuildFile section */

/* Begin PBXFileReference section */
		ABAFB5A8267449160095415F /* TextView-placeholder.app */ = {isa = PBXFileReference; explicitFileType = wrapper.application; includeInIndex = 0; path = "TextView-placeholder.app"; sourceTree = BUILT_PRODUCTS_DIR; };
		ABAFB5AB267449160095415F /* AppDelegate.swift */ = {isa = PBXFileReference; lastKnownFileType = sourcecode.swift; path = AppDelegate.swift; sourceTree = "<group>"; };
		ABAFB5AD267449160095415F /* SceneDelegate.swift */ = {isa = PBXFileReference; lastKnownFileType = sourcecode.swift; path = SceneDelegate.swift; sourceTree = "<group>"; };
		ABAFB5AF267449160095415F /* ViewController.swift */ = {isa = PBXFileReference; lastKnownFileType = sourcecode.swift; path = ViewController.swift; sourceTree = "<group>"; };
		ABAFB5B2267449160095415F /* Base */ = {isa = PBXFileReference; lastKnownFileType = file.storyboard; name = Base; path = Base.lproj/Main.storyboard; sourceTree = "<group>"; };
		ABAFB5B42674491C0095415F /* Assets.xcassets */ = {isa = PBXFileReference; lastKnownFileType = folder.assetcatalog; path = Assets.xcassets; sourceTree = "<group>"; };
		ABAFB5B72674491C0095415F /* Base */ = {isa = PBXFileReference; lastKnownFileType = file.storyboard; name = Base; path = Base.lproj/LaunchScreen.storyboard; sourceTree = "<group>"; };
		ABAFB5B92674491C0095415F /* Info.plist */ = {isa = PBXFileReference; lastKnownFileType = text.plist.xml; path = Info.plist; sourceTree = "<group>"; };
		ABAFB5BF267454350095415F /* PlaceTextView.xib */ = {isa = PBXFileReference; lastKnownFileType = file.xib; path = PlaceTextView.xib; sourceTree = "<group>"; };
		ABAFB5C1267454460095415F /* PlaceTextView.swift */ = {isa = PBXFileReference; lastKnownFileType = sourcecode.swift; path = PlaceTextView.swift; sourceTree = "<group>"; };
/* End PBXFileReference section */

/* Begin PBXFrameworksBuildPhase section */
		ABAFB5A5267449160095415F /* Frameworks */ = {
			isa = PBXFrameworksBuildPhase;
			buildActionMask = 2147483647;
			files = (
			);
			runOnlyForDeploymentPostprocessing = 0;
		};
/* End PBXFrameworksBuildPhase section */

/* Begin PBXGroup section */
		ABAFB59F267449160095415F = {
			isa = PBXGroup;
			children = (
				ABAFB5AA267449160095415F /* TextView-placeholder */,
				ABAFB5A9267449160095415F /* Products */,
			);
			sourceTree = "<group>";
		};
		ABAFB5A9267449160095415F /* Products */ = {
			isa = PBXGroup;
			children = (
				ABAFB5A8267449160095415F /* TextView-placeholder.app */,
			);
			name = Products;
			sourceTree = "<group>";
		};
		ABAFB5AA267449160095415F /* TextView-placeholder */ = {
			isa = PBXGroup;
			children = (
				ABAFB5AB267449160095415F /* AppDelegate.swift */,
				ABAFB5AD267449160095415F /* SceneDelegate.swift */,
				ABAFB5AF267449160095415F /* ViewController.swift */,
				ABAFB5BF267454350095415F /* PlaceTextView.xib */,
				ABAFB5C1267454460095415F /* PlaceTextView.swift */,
				ABAFB5B1267449160095415F /* Main.storyboard */,
				ABAFB5B42674491C0095415F /* Assets.xcassets */,
				ABAFB5B62674491C0095415F /* LaunchScreen.storyboard */,
				ABAFB5B92674491C0095415F /* Info.plist */,
			);
			path = "TextView-placeholder";
			sourceTree = "<group>";
		};
/* End PBXGroup section */

/* Begin PBXNativeTarget section */
		ABAFB5A7267449160095415F /* TextView-placeholder */ = {
			isa = PBXNativeTarget;
			buildConfigurationList = ABAFB5BC2674491C0095415F /* Build configuration list for PBXNativeTarget "TextView-placeholder" */;
			buildPhases = (
				ABAFB5A4267449160095415F /* Sources */,
				ABAFB5A5267449160095415F /* Frameworks */,
				ABAFB5A6267449160095415F /* Resources */,
			);
			buildRules = (
			);
			dependencies = (
			);
			name = "TextView-placeholder";
			productName = "TextView-placeholder";
			productReference = ABAFB5A8267449160095415F /* TextView-placeholder.app */;
			productType = "com.apple.product-type.application";
		};
/* End PBXNativeTarget section */

/* Begin PBXProject section */
		ABAFB5A0267449160095415F /* Project object */ = {
			isa = PBXProject;
			attributes = {
				LastSwiftUpdateCheck = 1250;
				LastUpgradeCheck = 1250;
				TargetAttributes = {
					ABAFB5A7267449160095415F = {
						CreatedOnToolsVersion = 12.5;
					};
				};
			};
			buildConfigurationList = ABAFB5A3267449160095415F /* Build configuration list for PBXProject "TextView-placeholder" */;
			compatibilityVersion = "Xcode 9.3";
			developmentRegion = en;
			hasScannedForEncodings = 0;
			knownRegions = (
				en,
				Base,
			);
			mainGroup = ABAFB59F267449160095415F;
			productRefGroup = ABAFB5A9267449160095415F /* Products */;
			projectDirPath = "";
			projectRoot = "";
			targets = (
				ABAFB5A7267449160095415F /* TextView-placeholder */,
			);
		};
/* End PBXProject section */

/* Begin PBXResourcesBuildPhase section */
		ABAFB5A6267449160095415F /* Resources */ = {
			isa = PBXResourcesBuildPhase;
			buildActionMask = 2147483647;
			files = (
				ABAFB5B82674491C0095415F /* LaunchScreen.storyboard in Resources */,
				ABAFB5B52674491C0095415F /* Assets.xcassets in Resources */,
				ABAFB5B3267449160095415F /* Main.storyboard in Resources */,
				ABAFB5C0267454350095415F /* PlaceTextView.xib in Resources */,
			);
			runOnlyForDeploymentPostprocessing = 0;
		};
/* End PBXResourcesBuildPhase section */

/* Begin PBXSourcesBuildPhase section */
		ABAFB5A4267449160095415F /* Sources */ = {
			isa = PBXSourcesBuildPhase;
			buildActionMask = 2147483647;
			files = (
				ABAFB5B0267449160095415F /* ViewController.swift in Sources */,
				ABAFB5AC267449160095415F /* AppDelegate.swift in Sources */,
				ABAFB5AE267449160095415F /* SceneDelegate.swift in Sources */,
				ABAFB5C2267454460095415F /* PlaceTextView.swift in Sources */,
			);
			runOnlyForDeploymentPostprocessing = 0;
		};
/* End PBXSourcesBuildPhase section */

/* Begin PBXVariantGroup section */
		ABAFB5B1267449160095415F /* Main.storyboard */ = {
			isa = PBXVariantGroup;
			children = (
				ABAFB5B2267449160095415F /* Base */,
			);
			name = Main.storyboard;
			sourceTree = "<group>";
		};
		ABAFB5B62674491C0095415F /* LaunchScreen.storyboard */ = {
			isa = PBXVariantGroup;
			children = (
				ABAFB5B72674491C0095415F /* Base */,
			);
			name = LaunchScreen.storyboard;
			sourceTree = "<group>";
		};
/* End PBXVariantGroup section */

/* Begin XCBuildConfiguration section */
		ABAFB5BA2674491C0095415F /* Debug */ = {
			isa = XCBuildConfiguration;
			buildSettings = {
				ALWAYS_SEARCH_USER_PATHS = NO;
				CLANG_ANALYZER_NONNULL = YES;
				CLANG_ANALYZER_NUMBER_OBJECT_CONVERSION = YES_AGGRESSIVE;
				CLANG_CXX_LANGUAGE_STANDARD = "gnu++14";
				CLANG_CXX_LIBRARY = "libc++";
				CLANG_ENABLE_MODULES = YES;
				CLANG_ENABLE_OBJC_ARC = YES;
				CLANG_ENABLE_OBJC_WEAK = YES;
				CLANG_WARN_BLOCK_CAPTURE_AUTORELEASING = YES;
				CLANG_WARN_BOOL_CONVERSION = YES;
				CLANG_WARN_COMMA = YES;
				CLANG_WARN_CONSTANT_CONVERSION = YES;
				CLANG_WARN_DEPRECATED_OBJC_IMPLEMENTATIONS = YES;
				CLANG_WARN_DIRECT_OBJC_ISA_USAGE = YES_ERROR;
				CLANG_WARN_DOCUMENTATION_COMMENTS = YES;
				CLANG_WARN_EMPTY_BODY = YES;
				CLANG_WARN_ENUM_CONVERSION = YES;
				CLANG_WARN_INFINITE_RECURSION = YES;
				CLANG_WARN_INT_CONVERSION = YES;
				CLANG_WARN_NON_LITERAL_NULL_CONVERSION = YES;
				CLANG_WARN_OBJC_IMPLICIT_RETAIN_SELF = YES;
				CLANG_WARN_OBJC_LITERAL_CONVERSION = YES;
				CLANG_WARN_OBJC_ROOT_CLASS = YES_ERROR;
				CLANG_WARN_QUOTED_INCLUDE_IN_FRAMEWORK_HEADER = YES;
				CLANG_WARN_RANGE_LOOP_ANALYSIS = YES;
				CLANG_WARN_STRICT_PROTOTYPES = YES;
				CLANG_WARN_SUSPICIOUS_MOVE = YES;
				CLANG_WARN_UNGUARDED_AVAILABILITY = YES_AGGRESSIVE;
				CLANG_WARN_UNREACHABLE_CODE = YES;
				CLANG_WARN__DUPLICATE_METHOD_MATCH = YES;
				COPY_PHASE_STRIP = NO;
				DEBUG_INFORMATION_FORMAT = dwarf;
				ENABLE_STRICT_OBJC_MSGSEND = YES;
				ENABLE_TESTABILITY = YES;
				GCC_C_LANGUAGE_STANDARD = gnu11;
				GCC_DYNAMIC_NO_PIC = NO;
				GCC_NO_COMMON_BLOCKS = YES;
				GCC_OPTIMIZATION_LEVEL = 0;
				GCC_PREPROCESSOR_DEFINITIONS = (
					"DEBUG=1",
					"$(inherited)",
				);
				GCC_WARN_64_TO_32_BIT_CONVERSION = YES;
				GCC_WARN_ABOUT_RETURN_TYPE = YES_ERROR;
				GCC_WARN_UNDECLARED_SELECTOR = YES;
				GCC_WARN_UNINITIALIZED_AUTOS = YES_AGGRESSIVE;
				GCC_WARN_UNUSED_FUNCTION = YES;
				GCC_WARN_UNUSED_VARIABLE = YES;
				IPHONEOS_DEPLOYMENT_TARGET = 14.5;
				MTL_ENABLE_DEBUG_INFO = INCLUDE_SOURCE;
				MTL_FAST_MATH = YES;
				ONLY_ACTIVE_ARCH = YES;
				SDKROOT = iphoneos;
				SWIFT_ACTIVE_COMPILATION_CONDITIONS = DEBUG;
				SWIFT_OPTIMIZATION_LEVEL = "-Onone";
			};
			name = Debug;
		};
		ABAFB5BB2674491C0095415F /* Release */ = {
			isa = XCBuildConfiguration;
			buildSettings = {
				ALWAYS_SEARCH_USER_PATHS = NO;
				CLANG_ANALYZER_NONNULL = YES;
				CLANG_ANALYZER_NUMBER_OBJECT_CONVERSION = YES_AGGRESSIVE;
				CLANG_CXX_LANGUAGE_STANDARD = "gnu++14";
				CLANG_CXX_LIBRARY = "libc++";
				CLANG_ENABLE_MODULES = YES;
				CLANG_ENABLE_OBJC_ARC = YES;
				CLANG_ENABLE_OBJC_WEAK = YES;
				CLANG_WARN_BLOCK_CAPTURE_AUTORELEASING = YES;
				CLANG_WARN_BOOL_CONVERSION = YES;
				CLANG_WARN_COMMA = YES;
				CLANG_WARN_CONSTANT_CONVERSION = YES;
				CLANG_WARN_DEPRECATED_OBJC_IMPLEMENTATIONS = YES;
				CLANG_WARN_DIRECT_OBJC_ISA_USAGE = YES_ERROR;
				CLANG_WARN_DOCUMENTATION_COMMENTS = YES;
				CLANG_WARN_EMPTY_BODY = YES;
				CLANG_WARN_ENUM_CONVERSION = YES;
				CLANG_WARN_INFINITE_RECURSION = YES;
				CLANG_WARN_INT_CONVERSION = YES;
				CLANG_WARN_NON_LITERAL_NULL_CONVERSION = YES;
				CLANG_WARN_OBJC_IMPLICIT_RETAIN_SELF = YES;
				CLANG_WARN_OBJC_LITERAL_CONVERSION = YES;
				CLANG_WARN_OBJC_ROOT_CLASS = YES_ERROR;
				CLANG_WARN_QUOTED_INCLUDE_IN_FRAMEWORK_HEADER = YES;
				CLANG_WARN_RANGE_LOOP_ANALYSIS = YES;
				CLANG_WARN_STRICT_PROTOTYPES = YES;
				CLANG_WARN_SUSPICIOUS_MOVE = YES;
				CLANG_WARN_UNGUARDED_AVAILABILITY = YES_AGGRESSIVE;
				CLANG_WARN_UNREACHABLE_CODE = YES;
				CLANG_WARN__DUPLICATE_METHOD_MATCH = YES;
				COPY_PHASE_STRIP = NO;
				DEBUG_INFORMATION_FORMAT = "dwarf-with-dsym";
				ENABLE_NS_ASSERTIONS = NO;
				ENABLE_STRICT_OBJC_MSGSEND = YES;
				GCC_C_LANGUAGE_STANDARD = gnu11;
				GCC_NO_COMMON_BLOCKS = YES;
				GCC_WARN_64_TO_32_BIT_CONVERSION = YES;
				GCC_WARN_ABOUT_RETURN_TYPE = YES_ERROR;
				GCC_WARN_UNDECLARED_SELECTOR = YES;
				GCC_WARN_UNINITIALIZED_AUTOS = YES_AGGRESSIVE;
				GCC_WARN_UNUSED_FUNCTION = YES;
				GCC_WARN_UNUSED_VARIABLE = YES;
				IPHONEOS_DEPLOYMENT_TARGET = 14.5;
				MTL_ENABLE_DEBUG_INFO = NO;
				MTL_FAST_MATH = YES;
				SDKROOT = iphoneos;
				SWIFT_COMPILATION_MODE = wholemodule;
				SWIFT_OPTIMIZATION_LEVEL = "-O";
				VALIDATE_PRODUCT = YES;
			};
			name = Release;
		};
		ABAFB5BD2674491C0095415F /* Debug */ = {
			isa = XCBuildConfiguration;
			buildSettings = {
				ASSETCATALOG_COMPILER_APPICON_NAME = AppIcon;
				ASSETCATALOG_COMPILER_GLOBAL_ACCENT_COLOR_NAME = AccentColor;
				CODE_SIGN_STYLE = Automatic;
				DEVELOPMENT_TEAM = 242KS3V77L;
				INFOPLIST_FILE = "TextView-placeholder/Info.plist";
				LD_RUNPATH_SEARCH_PATHS = (
					"$(inherited)",
					"@executable_path/Frameworks",
				);
				PRODUCT_BUNDLE_IDENTIFIER = "oonishireon.TextView-placeholder";
				PRODUCT_NAME = "$(TARGET_NAME)";
				SWIFT_VERSION = 5.0;
				TARGETED_DEVICE_FAMILY = "1,2";
			};
			name = Debug;
		};
		ABAFB5BE2674491C0095415F /* Release */ = {
			isa = XCBuildConfiguration;
			buildSettings = {
				ASSETCATALOG_COMPILER_APPICON_NAME = AppIcon;
				ASSETCATALOG_COMPILER_GLOBAL_ACCENT_COLOR_NAME = AccentColor;
				CODE_SIGN_STYLE = Automatic;
				DEVELOPMENT_TEAM = 242KS3V77L;
				INFOPLIST_FILE = "TextView-placeholder/Info.plist";
				LD_RUNPATH_SEARCH_PATHS = (
					"$(inherited)",
					"@executable_path/Frameworks",
				);
				PRODUCT_BUNDLE_IDENTIFIER = "oonishireon.TextView-placeholder";
				PRODUCT_NAME = "$(TARGET_NAME)";
				SWIFT_VERSION = 5.0;
				TARGETED_DEVICE_FAMILY = "1,2";
			};
			name = Release;
		};
/* End XCBuildConfiguration section */

/* Begin XCConfigurationList section */
		ABAFB5A3267449160095415F /* Build configuration list for PBXProject "TextView-placeholder" */ = {
			isa = XCConfigurationList;
			buildConfigurations = (
				ABAFB5BA2674491C0095415F /* Debug */,
				ABAFB5BB2674491C0095415F /* Release */,
			);
			defaultConfigurationIsVisible = 0;
			defaultConfigurationName = Release;
		};
		ABAFB5BC2674491C0095415F /* Build configuration list for PBXNativeTarget "TextView-placeholder" */ = {
			isa = XCConfigurationList;
			buildConfigurations = (
				ABAFB5BD2674491C0095415F /* Debug */,
				ABAFB5BE2674491C0095415F /* Release */,
			);
			defaultConfigurationIsVisible = 0;
			defaultConfigurationName = Release;
		};
/* End XCConfigurationList section */
	};
	rootObject = ABAFB5A0267449160095415F /* Project object */;
}
